
Microsoft Visual Studio Solution File, Format Version 12.00
# Visual Studio Version 17
VisualStudioVersion = 17.11.35208.52
MinimumVisualStudioVersion = 10.0.40219.1
Project("{FAE04EC0-301F-11D3-BF4B-00C04F79EFBC}") = "LinesLib", "LinesLib\LinesLib.csproj", "{83874FE5-8E7C-4B95-A8B6-2B188D0D1ED1}"
EndProject
Project("{FAE04EC0-301F-11D3-BF4B-00C04F79EFBC}") = "LinesLibTests", "LinesLibTests\LinesLibTests.csproj", "{FA72EFD0-A50C-42F2-A4CB-85682B3B9F17}"
EndProject
Global
	GlobalSection(SolutionConfigurationPlatforms) = preSolution
		Debug|Any CPU = Debug|Any CPU
		Release|Any CPU = Release|Any CPU
	EndGlobalSection
	GlobalSection(ProjectConfigurationPlatforms) = postSolution
		{83874FE5-8E7C-4B95-A8B6-2B188D0D1ED1}.Debug|Any CPU.ActiveCfg = Debug|Any CPU
		{83874FE5-8E7C-4B95-A8B6-2B188D0D1ED1}.Debug|Any CPU.Build.0 = Debug|Any CPU
		{83874FE5-8E7C-4B95-A8B6-2B188D0D1ED1}.Release|Any CPU.ActiveCfg = Release|Any CPU
		{83874FE5-8E7C-4B95-A8B6-2B188D0D1ED1}.Release|Any CPU.Build.0 = Release|Any CPU
		{FA72EFD0-A50C-42F2-A4CB-85682B3B9F17}.Debug|Any CPU.ActiveCfg = Debug|Any CPU
		{FA72EFD0-A50C-42F2-A4CB-85682B3B9F17}.Debug|Any CPU.Build.0 = Debug|Any CPU
		{FA72EFD0-A50C-42F2-A4CB-85682B3B9F17}.Release|Any CPU.ActiveCfg = Release|Any CPU
		{FA72EFD0-A50C-42F2-A4CB-85682B3B9F17}.Release|Any CPU.Build.0 = Release|Any CPU
	EndGlobalSection
	GlobalSection(SolutionProperties) = preSolution
		HideSolutionNode = FALSE
	EndGlobalSection
	GlobalSection(ExtensibilityGlobals) = postSolution
		SolutionGuid = {AFCB1C84-F6F9-424C-8608-DF89E93E47FD}
	EndGlobalSection
EndGlobal
